{
  "name": "goober-autoprefixer",
  "version": "1.0.0",
  "lockfileVersion": 1,
  "requires": true,
  "dependencies": {
    "tiny-css-prefixer": {
      "version": "1.1.4",
      "resolved": "https://registry.npmjs.org/tiny-css-prefixer/-/tiny-css-prefixer-1.1.4.tgz",
      "integrity": "sha512-QLnDGLUmMkNlSuWogBaSu92uQnvWhcQwUc+MG8L4YgBkjSmBkAz29pTq+8Rh3YWR1TwPrjuZDKWzO7v4PXkipQ=="
    }
  }
}
