{
	"name": "goober-docs",
	"version": "0.0.0",
	"lockfileVersion": 1,
	"requires": true,
	"dependencies": {
		"goober": {
			"version": "2.0.19",
			"resolved": "https://registry.npmjs.org/goober/-/goober-2.0.19.tgz",
			"integrity": "sha512-ewW0g4H+CDIxneBEynuaiGiCIGhlKxo6APHMntnJBt/Qx5XMBLJXrgKdj6CDM/id0vSK9F2EtIPE++8bttCC9Q=="
		},
		"preact-iso": {
			"version": "0.2.0",
			"resolved": "https://registry.npmjs.org/preact-iso/-/preact-iso-0.2.0.tgz",
			"integrity": "sha512-p8FJRt55aXpb2TAL3JsiTP1YJm7XqIXb8mf7LVrMNoQRHW0VvqXNvIFYmHOIJArGlIIOb2v1w9o6/edOnSQFvA=="
		},
		"wmr": {
			"version": "1.1.0",
			"resolved": "https://registry.npmjs.org/wmr/-/wmr-1.1.0.tgz",
			"integrity": "sha512-ELll+l3wegNmYmPLoWUnPBzlv20we4zlM7jfKqP1tzYus8HUil65e8tNug2Vxbd++ROtT9qL54Qmo0DRze66tQ==",
			"dev": true
		}
	}
}
