{
	"name": "goober-docs",
	"version": "0.0.0",
	"lockfileVersion": 1,
	"requires": true,
	"dependencies": {
		"goober": {
			"version": "2.0.33",
			"resolved": "https://registry.npmjs.org/goober/-/goober-2.0.33.tgz",
			"integrity": "sha512-Wy9HYzmmqmB1PTMQCY3+hlREZ4Lk7kaac6PZeWlJxOM6lIO9lsrU2yBu33TiougO0AC6bBxxIVueDP+nEGNWJw=="
		},
		"preact-iso": {
			"version": "0.2.0",
			"resolved": "https://registry.npmjs.org/preact-iso/-/preact-iso-0.2.0.tgz",
			"integrity": "sha512-p8FJRt55aXpb2TAL3JsiTP1YJm7XqIXb8mf7LVrMNoQRHW0VvqXNvIFYmHOIJArGlIIOb2v1w9o6/edOnSQFvA=="
		},
		"wmr": {
			"version": "1.2.0",
			"resolved": "https://registry.npmjs.org/wmr/-/wmr-1.2.0.tgz",
			"integrity": "sha512-6OJQP1iNoMoMGLCZ4RuQwme2rQ1Z/VhXn4cF/7KxHduP361YO8JWrjlcpHJuanLkhegDtOt8xh9B85AzJJ2uMw==",
			"dev": true
		}
	}
}
